
Microsoft Visual Studio Solution File, Format Version 12.00
# Visual Studio Express 15 for Windows Desktop
VisualStudioVersion = 15.0.34031.82
MinimumVisualStudioVersion = 10.0.40219.1
Project("{FAE04EC0-301F-11D3-BF4B-00C04F79EFBC}") = "MultiThreading", "MultiThreading\MultiThreading.csproj", "{40935EDA-AF6B-4DD8-A04F-9027DC63295F}"
EndProject
Global
	GlobalSection(SolutionConfigurationPlatforms) = preSolution
		Debug|Any CPU = Debug|Any CPU
		Release|Any CPU = Release|Any CPU
	EndGlobalSection
	GlobalSection(ProjectConfigurationPlatforms) = postSolution
		{40935EDA-AF6B-4DD8-A04F-9027DC63295F}.Debug|Any CPU.ActiveCfg = Debug|Any CPU
		{40935EDA-AF6B-4DD8-A04F-9027DC63295F}.Debug|Any CPU.Build.0 = Debug|Any CPU
		{40935EDA-AF6B-4DD8-A04F-9027DC63295F}.Release|Any CPU.ActiveCfg = Release|Any CPU
		{40935EDA-AF6B-4DD8-A04F-9027DC63295F}.Release|Any CPU.Build.0 = Release|Any CPU
	EndGlobalSection
	GlobalSection(SolutionProperties) = preSolution
		HideSolutionNode = FALSE
	EndGlobalSection
	GlobalSection(ExtensibilityGlobals) = postSolution
		SolutionGuid = {6BA1136F-738D-42A8-9633-064AF72AC204}
	EndGlobalSection
EndGlobal
